# THIS IS AN AUTOGENERATED FILE. DO NOT EDIT THIS FILE DIRECTLY.
# yarn lockfile v1


serverless-apigw-binary@^0.4.4:
  version "0.4.4"
  resolved "https://registry.yarnpkg.com/serverless-apigw-binary/-/serverless-apigw-binary-0.4.4.tgz#f3cffd8365322a2a1d8bde5fd94b306b7a64d4fb"
  integrity sha512-2DJmQTzeXa/+8u9ekReqf7j4gQjBtzQE4MK9nlOnEz4F7MVWCQXYlLPmf2TXSoxxJZzlWvIiNzCTq6vAT9F5FQ==
